
Microsoft Visual Studio Solution File, Format Version 12.00
# Visual Studio Version 17
VisualStudioVersion = 17.14.36518.9 d17.14
MinimumVisualStudioVersion = 10.0.40219.1
Project("{FAE04EC0-301F-11D3-BF4B-00C04F79EFBC}") = "CheckHelp", "CheckHelp\CheckHelp.csproj", "{3CD7E92D-BB6C-41CA-9413-83DA820D8FFF}"
EndProject
Global
	GlobalSection(SolutionConfigurationPlatforms) = preSolution
		Debug|Any CPU = Debug|Any CPU
		Release|Any CPU = Release|Any CPU
	EndGlobalSection
	GlobalSection(ProjectConfigurationPlatforms) = postSolution
		{3CD7E92D-BB6C-41CA-9413-83DA820D8FFF}.Debug|Any CPU.ActiveCfg = Debug|Any CPU
		{3CD7E92D-BB6C-41CA-9413-83DA820D8FFF}.Debug|Any CPU.Build.0 = Debug|Any CPU
		{3CD7E92D-BB6C-41CA-9413-83DA820D8FFF}.Release|Any CPU.ActiveCfg = Release|Any CPU
		{3CD7E92D-BB6C-41CA-9413-83DA820D8FFF}.Release|Any CPU.Build.0 = Release|Any CPU
	EndGlobalSection
	GlobalSection(SolutionProperties) = preSolution
		HideSolutionNode = FALSE
	EndGlobalSection
	GlobalSection(ExtensibilityGlobals) = postSolution
		SolutionGuid = {14B3BC81-9E35-492E-BE86-07DECE7F4CAE}
	EndGlobalSection
EndGlobal
